
Microsoft Visual Studio Solution File, Format Version 12.00
# Visual Studio Version 17
VisualStudioVersion = 17.7.34202.233
MinimumVisualStudioVersion = 10.0.40219.1
Project("{9A19103F-16F7-4668-BE54-9A1E7A4F7556}") = "Stage0", "Stage0\Stage0.csproj", "{67B7FE17-EAFF-4D21-A272-855CBB60E470}"
EndProject
Project("{2150E333-8FDC-42A3-9474-1A3956D46DE8}") = "Solution Items", "Solution Items", "{D906455D-3DBB-4627-8EC8-E25B9A0D3EB9}"
	ProjectSection(SolutionItems) = preProject
		README.md = README.md
	EndProjectSection
EndProject
Project("{FAE04EC0-301F-11D3-BF4B-00C04F79EFBC}") = "DalFacade", "DalFacade\DalFacade.csproj", "{F8B2F83C-9955-45BC-B432-6000704CCDDE}"
EndProject
Project("{FAE04EC0-301F-11D3-BF4B-00C04F79EFBC}") = "DalList", "DalList\DalList.csproj", "{64FB7DC1-E028-43CD-9FD4-A72CE1124DCE}"
EndProject
Project("{FAE04EC0-301F-11D3-BF4B-00C04F79EFBC}") = "DalTest", "DalTest\DalTest.csproj", "{B87DC077-3CD0-465B-9152-7988AA8D5DCD}"
EndProject
Global
	GlobalSection(SolutionConfigurationPlatforms) = preSolution
		Debug|Any CPU = Debug|Any CPU
		Release|Any CPU = Release|Any CPU
	EndGlobalSection
	GlobalSection(ProjectConfigurationPlatforms) = postSolution
		{67B7FE17-EAFF-4D21-A272-855CBB60E470}.Debug|Any CPU.ActiveCfg = Debug|Any CPU
		{67B7FE17-EAFF-4D21-A272-855CBB60E470}.Debug|Any CPU.Build.0 = Debug|Any CPU
		{67B7FE17-EAFF-4D21-A272-855CBB60E470}.Release|Any CPU.ActiveCfg = Release|Any CPU
		{67B7FE17-EAFF-4D21-A272-855CBB60E470}.Release|Any CPU.Build.0 = Release|Any CPU
		{F8B2F83C-9955-45BC-B432-6000704CCDDE}.Debug|Any CPU.ActiveCfg = Debug|Any CPU
		{F8B2F83C-9955-45BC-B432-6000704CCDDE}.Debug|Any CPU.Build.0 = Debug|Any CPU
		{F8B2F83C-9955-45BC-B432-6000704CCDDE}.Release|Any CPU.ActiveCfg = Release|Any CPU
		{F8B2F83C-9955-45BC-B432-6000704CCDDE}.Release|Any CPU.Build.0 = Release|Any CPU
		{64FB7DC1-E028-43CD-9FD4-A72CE1124DCE}.Debug|Any CPU.ActiveCfg = Debug|Any CPU
		{64FB7DC1-E028-43CD-9FD4-A72CE1124DCE}.Debug|Any CPU.Build.0 = Debug|Any CPU
		{64FB7DC1-E028-43CD-9FD4-A72CE1124DCE}.Release|Any CPU.ActiveCfg = Release|Any CPU
		{64FB7DC1-E028-43CD-9FD4-A72CE1124DCE}.Release|Any CPU.Build.0 = Release|Any CPU
		{B87DC077-3CD0-465B-9152-7988AA8D5DCD}.Debug|Any CPU.ActiveCfg = Debug|Any CPU
		{B87DC077-3CD0-465B-9152-7988AA8D5DCD}.Debug|Any CPU.Build.0 = Debug|Any CPU
		{B87DC077-3CD0-465B-9152-7988AA8D5DCD}.Release|Any CPU.ActiveCfg = Release|Any CPU
		{B87DC077-3CD0-465B-9152-7988AA8D5DCD}.Release|Any CPU.Build.0 = Release|Any CPU
	EndGlobalSection
	GlobalSection(SolutionProperties) = preSolution
		HideSolutionNode = FALSE
	EndGlobalSection
	GlobalSection(ExtensibilityGlobals) = postSolution
		SolutionGuid = {635EAFF8-45C4-46B0-BB7B-0E51FEE9F940}
	EndGlobalSection
EndGlobal
